
Microsoft Visual Studio Solution File, Format Version 12.00
# Visual Studio Version 17
VisualStudioVersion = 17.6.33723.286
MinimumVisualStudioVersion = 10.0.40219.1
Project("{FAE04EC0-301F-11D3-BF4B-00C04F79EFBC}") = "bitshop1", "bitshop1.csproj", "{7AEFF566-8330-412E-9C3F-71B9C80D1BF1}"
EndProject
Global
	GlobalSection(SolutionConfigurationPlatforms) = preSolution
		Debug|Any CPU = Debug|Any CPU
		Release|Any CPU = Release|Any CPU
	EndGlobalSection
	GlobalSection(ProjectConfigurationPlatforms) = postSolution
		{7AEFF566-8330-412E-9C3F-71B9C80D1BF1}.Debug|Any CPU.ActiveCfg = Debug|Any CPU
		{7AEFF566-8330-412E-9C3F-71B9C80D1BF1}.Debug|Any CPU.Build.0 = Debug|Any CPU
		{7AEFF566-8330-412E-9C3F-71B9C80D1BF1}.Release|Any CPU.ActiveCfg = Release|Any CPU
		{7AEFF566-8330-412E-9C3F-71B9C80D1BF1}.Release|Any CPU.Build.0 = Release|Any CPU
	EndGlobalSection
	GlobalSection(SolutionProperties) = preSolution
		HideSolutionNode = FALSE
	EndGlobalSection
	GlobalSection(ExtensibilityGlobals) = postSolution
		SolutionGuid = {A43B042A-6023-4F91-B816-539A32AE36B7}
	EndGlobalSection
EndGlobal
